{
  "version": 4,
  "terraform_version": "1.0.7",
  "serial": 858,
  "lineage": "9fc3de0c-ba5b-ce80-49f2-f0dc9982ff1a",
  "outputs": {
    "api_in_url": {
      "value": "https://u6j10od2g1.execute-api.eu-central-1.amazonaws.com/send-command",
      "type": "string"
    },
    "device_in_sqs_url": {
      "value": "https://sqs.eu-central-1.amazonaws.com/256849611775/device-in.fifo",
      "type": "string"
    },
    "device_out_sqs_url": {
      "value": "https://sqs.eu-central-1.amazonaws.com/256849611775/device-out.fifo",
      "type": "string"
    },
    "wss_invoke_url": {
      "value": "wss://qw46nbewu8.execute-api.eu-central-1.amazonaws.com/primary",
      "type": "string"
    }
  },
  "resources": [
    {
      "mode": "data",
      "type": "aws_caller_identity",
      "name": "current",
      "provider": "provider[\"registry.terraform.io/hashicorp/aws\"]",
      "instances": [
        {
          "schema_version": 0,
          "attributes": {
            "account_id": "256849611775",
            "arn": "arn:aws:sts::256849611775:assumed-role/AWSReservedSSO_AWSAdministratorAccess_b4927d8ae61a8900/viktor.varenik@dataart.com",
            "id": "256849611775",
            "user_id": "AROATXTLOBP7RDRXEJHV5:viktor.varenik@dataart.com"
          },
          "sensitive_attributes": []
        }
      ]
    },
    {
      "mode": "data",
      "type": "aws_iam_policy_document",
      "name": "policy_document",
      "provider": "provider[\"registry.terraform.io/hashicorp/aws\"]",
      "instances": [
        {
          "schema_version": 0,
          "attributes": {
            "id": "2749159302",
            "json": "{\n  \"Version\": \"2012-10-17\",\n  \"Statement\": [\n    {\n      \"Sid\": \"AllowSQSPermissions\",\n      \"Effect\": \"Allow\",\n      \"Action\": [\n        \"sqs:SendMessage\",\n        \"sqs:ReceiveMessage\",\n        \"sqs:GetQueueAttributes\",\n        \"sqs:DeleteMessage\",\n        \"sqs:ChangeMessageVisibility\"\n      ],\n      \"Resource\": \"arn:aws:sqs:*\"\n    },\n    {\n      \"Sid\": \"AllowDYNAMOPermissions\",\n      \"Effect\": \"Allow\",\n      \"Action\": [\n        \"execute-api:ManageConnections\",\n        \"dynamodb:Scan\",\n        \"dynamodb:PutItem\",\n        \"dynamodb:GetItem\",\n        \"dynamodb:DeleteItem\"\n      ],\n      \"Resource\": [\n        \"arn:aws:execute-api:eu-central-1:256849611775:qw46nbewu8/*\",\n        \"arn:aws:dynamodb:eu-central-1:256849611775:table/device-connections\"\n      ]\n    },\n    {\n      \"Sid\": \"AllowInvokingLambdas\",\n      \"Effect\": \"Allow\",\n      \"Action\": \"lambda:InvokeFunction\",\n      \"Resource\": \"arn:aws:lambda:eu-central-1:*:function:*\"\n    },\n    {\n      \"Sid\": \"AllowCreatingLogGroups\",\n      \"Effect\": \"Allow\",\n      \"Action\": \"logs:CreateLogGroup\",\n      \"Resource\": \"arn:aws:logs:eu-central-1:*:*\"\n    },\n    {\n      \"Sid\": \"AllowWritingLogs\",\n      \"Effect\": \"Allow\",\n      \"Action\": [\n        \"logs:PutLogEvents\",\n        \"logs:CreateLogStream\"\n      ],\n      \"Resource\": \"arn:aws:logs:eu-central-1:*:log-group:/aws/lambda/*:*\"\n    }\n  ]\n}",
            "override_json": null,
            "override_policy_documents": null,
            "policy_id": null,
            "source_json": null,
            "source_policy_documents": null,
            "statement": [
              {
                "actions": [
                  "sqs:ChangeMessageVisibility",
                  "sqs:DeleteMessage",
                  "sqs:GetQueueAttributes",
                  "sqs:ReceiveMessage",
                  "sqs:SendMessage"
                ],
                "condition": [],
                "effect": "Allow",
                "not_actions": [],
                "not_principals": [],
                "not_resources": [],
                "principals": [],
                "resources": [
                  "arn:aws:sqs:*"
                ],
                "sid": "AllowSQSPermissions"
              },
              {
                "actions": [
                  "dynamodb:DeleteItem",
                  "dynamodb:GetItem",
                  "dynamodb:PutItem",
                  "dynamodb:Scan",
                  "execute-api:ManageConnections"
                ],
                "condition": [],
                "effect": "Allow",
                "not_actions": [],
                "not_principals": [],
                "not_resources": [],
                "principals": [],
                "resources": [
                  "arn:aws:dynamodb:eu-central-1:256849611775:table/device-connections",
                  "arn:aws:execute-api:eu-central-1:256849611775:qw46nbewu8/*"
                ],
                "sid": "AllowDYNAMOPermissions"
              },
              {
                "actions": [
                  "lambda:InvokeFunction"
                ],
                "condition": [],
                "effect": "Allow",
                "not_actions": [],
                "not_principals": [],
                "not_resources": [],
                "principals": [],
                "resources": [
                  "arn:aws:lambda:eu-central-1:*:function:*"
                ],
                "sid": "AllowInvokingLambdas"
              },
              {
                "actions": [
                  "logs:CreateLogGroup"
                ],
                "condition": [],
                "effect": "Allow",
                "not_actions": [],
                "not_principals": [],
                "not_resources": [],
                "principals": [],
                "resources": [
                  "arn:aws:logs:eu-central-1:*:*"
                ],
                "sid": "AllowCreatingLogGroups"
              },
              {
                "actions": [
                  "logs:CreateLogStream",
                  "logs:PutLogEvents"
                ],
                "condition": [],
                "effect": "Allow",
                "not_actions": [],
                "not_principals": [],
                "not_resources": [],
                "principals": [],
                "resources": [
                  "arn:aws:logs:eu-central-1:*:log-group:/aws/lambda/*:*"
                ],
                "sid": "AllowWritingLogs"
              }
            ],
            "version": "2012-10-17"
          },
          "sensitive_attributes": []
        }
      ]
    },
    {
      "mode": "managed",
      "type": "aws_api_gateway_integration",
      "name": "device_in_sqs_post_integration",
      "provider": "provider[\"registry.terraform.io/hashicorp/aws\"]",
      "instances": [
        {
          "schema_version": 0,
          "attributes": {
            "cache_key_parameters": [],
            "cache_namespace": "76rin5",
            "connection_id": "",
            "connection_type": "INTERNET",
            "content_handling": "",
            "credentials": "arn:aws:iam::256849611775:role/apig-sqs-send-msg-role",
            "http_method": "POST",
            "id": "agi-u6j10od2g1-76rin5-POST",
            "integration_http_method": "POST",
            "passthrough_behavior": "NEVER",
            "request_parameters": {
              "integration.request.header.Content-Type": "'application/x-www-form-urlencoded'"
            },
            "request_templates": {
              "application/json": "Action=SendMessage\u0026MessageBody=$input.body\u0026MessageGroupId=$input.params().querystring.get(\"MessageGroupId\")"
            },
            "resource_id": "76rin5",
            "rest_api_id": "u6j10od2g1",
            "timeout_milliseconds": 29000,
            "tls_config": [],
            "type": "AWS",
            "uri": "arn:aws:apigateway:eu-central-1:sqs:path/device-in.fifo"
          },
          "sensitive_attributes": [],
          "private": "bnVsbA==",
          "dependencies": [
            "aws_api_gateway_resource.send_command",
            "aws_api_gateway_rest_api.device_in_to_sqs",
            "aws_iam_role.apig-sqs-send-msg-role",
            "aws_sqs_queue.device_in"
          ]
        }
      ]
    },
    {
      "mode": "managed",
      "type": "aws_api_gateway_integration_response",
      "name": "ir200",
      "provider": "provider[\"registry.terraform.io/hashicorp/aws\"]",
      "instances": [
        {
          "schema_version": 0,
          "attributes": {
            "content_handling": "",
            "http_method": "POST",
            "id": "agir-u6j10od2g1-76rin5-POST-200",
            "resource_id": "76rin5",
            "response_parameters": {},
            "response_templates": {
              "application/json": "{\"message\": \"great success!\"}"
            },
            "rest_api_id": "u6j10od2g1",
            "selection_pattern": "^2[0-9][0-9]",
            "status_code": "200"
          },
          "sensitive_attributes": [],
          "private": "bnVsbA==",
          "dependencies": [
            "aws_api_gateway_integration.device_in_sqs_post_integration",
            "aws_api_gateway_method.send_command_post_method",
            "aws_api_gateway_resource.send_command",
            "aws_api_gateway_rest_api.device_in_to_sqs",
            "aws_iam_role.apig-sqs-send-msg-role",
            "aws_sqs_queue.device_in"
          ]
        }
      ]
    },
    {
      "mode": "managed",
      "type": "aws_api_gateway_method",
      "name": "send_command_post_method",
      "provider": "provider[\"registry.terraform.io/hashicorp/aws\"]",
      "instances": [
        {
          "schema_version": 0,
          "attributes": {
            "api_key_required": true,
            "authorization": "NONE",
            "authorization_scopes": [],
            "authorizer_id": "",
            "http_method": "POST",
            "id": "agm-u6j10od2g1-76rin5-POST",
            "operation_name": "",
            "request_models": {},
            "request_parameters": {},
            "request_validator_id": "",
            "resource_id": "76rin5",
            "rest_api_id": "u6j10od2g1"
          },
          "sensitive_attributes": [],
          "private": "bnVsbA==",
          "dependencies": [
            "aws_api_gateway_resource.send_command",
            "aws_api_gateway_rest_api.device_in_to_sqs"
          ]
        }
      ]
    },
    {
      "mode": "managed",
      "type": "aws_api_gateway_method_response",
      "name": "mr200",
      "provider": "provider[\"registry.terraform.io/hashicorp/aws\"]",
      "instances": [
        {
          "schema_version": 0,
          "attributes": {
            "http_method": "POST",
            "id": "agmr-u6j10od2g1-76rin5-POST-200",
            "resource_id": "76rin5",
            "response_models": {
              "application/json": "Empty"
            },
            "response_parameters": {},
            "rest_api_id": "u6j10od2g1",
            "status_code": "200"
          },
          "sensitive_attributes": [],
          "private": "bnVsbA==",
          "dependencies": [
            "aws_api_gateway_method.send_command_post_method",
            "aws_api_gateway_resource.send_command",
            "aws_api_gateway_rest_api.device_in_to_sqs"
          ]
        }
      ]
    },
    {
      "mode": "managed",
      "type": "aws_api_gateway_resource",
      "name": "send_command",
      "provider": "provider[\"registry.terraform.io/hashicorp/aws\"]",
      "instances": [
        {
          "schema_version": 0,
          "attributes": {
            "id": "76rin5",
            "parent_id": "0v1885rc14",
            "path": "/send-command",
            "path_part": "send-command",
            "rest_api_id": "u6j10od2g1"
          },
          "sensitive_attributes": [],
          "private": "bnVsbA==",
          "dependencies": [
            "aws_api_gateway_rest_api.device_in_to_sqs"
          ]
        }
      ]
    },
    {
      "mode": "managed",
      "type": "aws_api_gateway_rest_api",
      "name": "device_in_to_sqs",
      "provider": "provider[\"registry.terraform.io/hashicorp/aws\"]",
      "instances": [
        {
          "schema_version": 0,
          "attributes": {
            "api_key_source": "HEADER",
            "arn": "arn:aws:apigateway:eu-central-1::/restapis/u6j10od2g1",
            "binary_media_types": [],
            "body": null,
            "created_date": "2021-10-19T08:40:34Z",
            "description": "POST records to SQS queue",
            "disable_execute_api_endpoint": false,
            "endpoint_configuration": [
              {
                "types": [
                  "EDGE"
                ],
                "vpc_endpoint_ids": []
              }
            ],
            "execution_arn": "arn:aws:execute-api:eu-central-1:256849611775:u6j10od2g1",
            "id": "u6j10od2g1",
            "minimum_compression_size": -1,
            "name": "device_in_to_sqs_gateway",
            "parameters": null,
            "policy": "",
            "root_resource_id": "0v1885rc14",
            "tags": {},
            "tags_all": {}
          },
          "sensitive_attributes": [],
          "private": "bnVsbA=="
        }
      ]
    },
    {
      "mode": "managed",
      "type": "aws_default_vpc",
      "name": "default",
      "provider": "provider[\"registry.terraform.io/hashicorp/aws\"]",
      "instances": [
        {
          "schema_version": 1,
          "attributes": {
            "arn": "arn:aws:ec2:eu-central-1:256849611775:vpc/vpc-bd0463d7",
            "assign_generated_ipv6_cidr_block": false,
            "cidr_block": "172.31.0.0/16",
            "default_network_acl_id": "acl-ac2f1fc6",
            "default_route_table_id": "rtb-64243d0e",
            "default_security_group_id": "sg-5b143a2e",
            "dhcp_options_id": "dopt-1b751271",
            "enable_classiclink": null,
            "enable_classiclink_dns_support": null,
            "enable_dns_hostnames": true,
            "enable_dns_support": true,
            "id": "vpc-bd0463d7",
            "instance_tenancy": "default",
            "ipv6_association_id": "",
            "ipv6_cidr_block": "",
            "main_route_table_id": "rtb-64243d0e",
            "owner_id": "256849611775",
            "tags": {},
            "tags_all": {}
          },
          "sensitive_attributes": [],
          "private": "eyJzY2hlbWFfdmVyc2lvbiI6IjEifQ=="
        }
      ]
    },
    {
      "mode": "managed",
      "type": "aws_dynamodb_table",
      "name": "device_connections",
      "provider": "provider[\"registry.terraform.io/hashicorp/aws\"]",
      "instances": [
        {
          "schema_version": 1,
          "attributes": {
            "arn": "arn:aws:dynamodb:eu-central-1:256849611775:table/device-connections",
            "attribute": [
              {
                "name": "connectionId",
                "type": "S"
              },
              {
                "name": "deviceId",
                "type": "S"
              }
            ],
            "billing_mode": "PROVISIONED",
            "global_secondary_index": [],
            "hash_key": "deviceId",
            "id": "device-connections",
            "local_secondary_index": [],
            "name": "device-connections",
            "point_in_time_recovery": [
              {
                "enabled": false
              }
            ],
            "range_key": "connectionId",
            "read_capacity": 3,
            "replica": [],
            "server_side_encryption": [],
            "stream_arn": "",
            "stream_enabled": false,
            "stream_label": "",
            "stream_view_type": "",
            "tags": {
              "env": "training-apigateway"
            },
            "tags_all": {
              "env": "training-apigateway"
            },
            "timeouts": null,
            "ttl": [
              {
                "attribute_name": "",
                "enabled": false,
                "kms_key_arn": ""
              }
            ],
            "write_capacity": 3
          },
          "sensitive_attributes": [],
          "private": "eyJlMmJmYjczMC1lY2FhLTExZTYtOGY4OC0zNDM2M2JjN2M0YzAiOnsiY3JlYXRlIjoxMjAwMDAwMDAwMDAwLCJkZWxldGUiOjYwMDAwMDAwMDAwMCwidXBkYXRlIjozNjAwMDAwMDAwMDAwfSwic2NoZW1hX3ZlcnNpb24iOiIxIn0="
        }
      ]
    },
    {
      "mode": "managed",
      "type": "aws_iam_policy",
      "name": "apig-sqs-send-msg-policy",
      "provider": "provider[\"registry.terraform.io/hashicorp/aws\"]",
      "instances": [
        {
          "schema_version": 0,
          "attributes": {
            "arn": "arn:aws:iam::256849611775:policy/apig-sqs-send-msg-policy",
            "description": "",
            "id": "arn:aws:iam::256849611775:policy/apig-sqs-send-msg-policy",
            "name": "apig-sqs-send-msg-policy",
            "name_prefix": null,
            "path": "/",
            "policy": "{\n    \"Version\": \"2012-10-17\",\n    \"Statement\": [\n        {\n           \"Effect\": \"Allow\",\n           \"Resource\": [\n               \"*\"\n           ],\n           \"Action\": [\n               \"logs:CreateLogGroup\",\n               \"logs:CreateLogStream\",\n               \"logs:PutLogEvents\"\n           ]\n       },\n       {\n          \"Effect\": \"Allow\",\n          \"Action\": \"sqs:SendMessage\",\n          \"Resource\": \"arn:aws:sqs:eu-central-1:256849611775:device-in.fifo\"\n       }\n    ]\n}\n",
            "policy_id": "ANPATXTLOBP7ZTFZLT6LN",
            "tags": {
              "env": "training-apigateway"
            },
            "tags_all": {
              "env": "training-apigateway"
            }
          },
          "sensitive_attributes": [],
          "private": "bnVsbA==",
          "dependencies": [
            "aws_sqs_queue.device_in"
          ]
        }
      ]
    },
    {
      "mode": "managed",
      "type": "aws_iam_policy",
      "name": "lambda_policy",
      "provider": "provider[\"registry.terraform.io/hashicorp/aws\"]",
      "instances": [
        {
          "schema_version": 0,
          "attributes": {
            "arn": "arn:aws:iam::256849611775:policy/terraform-20211019084042324500000003",
            "description": "",
            "id": "arn:aws:iam::256849611775:policy/terraform-20211019084042324500000003",
            "name": "terraform-20211019084042324500000003",
            "name_prefix": null,
            "path": "/",
            "policy": "{\n  \"Version\": \"2012-10-17\",\n  \"Statement\": [\n    {\n      \"Sid\": \"AllowSQSPermissions\",\n      \"Effect\": \"Allow\",\n      \"Action\": [\n        \"sqs:SendMessage\",\n        \"sqs:ReceiveMessage\",\n        \"sqs:GetQueueAttributes\",\n        \"sqs:DeleteMessage\",\n        \"sqs:ChangeMessageVisibility\"\n      ],\n      \"Resource\": \"arn:aws:sqs:*\"\n    },\n    {\n      \"Sid\": \"AllowDYNAMOPermissions\",\n      \"Effect\": \"Allow\",\n      \"Action\": [\n        \"execute-api:ManageConnections\",\n        \"dynamodb:Scan\",\n        \"dynamodb:PutItem\",\n        \"dynamodb:GetItem\",\n        \"dynamodb:DeleteItem\"\n      ],\n      \"Resource\": [\n        \"arn:aws:execute-api:eu-central-1:256849611775:qw46nbewu8/*\",\n        \"arn:aws:dynamodb:eu-central-1:256849611775:table/device-connections\"\n      ]\n    },\n    {\n      \"Sid\": \"AllowInvokingLambdas\",\n      \"Effect\": \"Allow\",\n      \"Action\": \"lambda:InvokeFunction\",\n      \"Resource\": \"arn:aws:lambda:eu-central-1:*:function:*\"\n    },\n    {\n      \"Sid\": \"AllowCreatingLogGroups\",\n      \"Effect\": \"Allow\",\n      \"Action\": \"logs:CreateLogGroup\",\n      \"Resource\": \"arn:aws:logs:eu-central-1:*:*\"\n    },\n    {\n      \"Sid\": \"AllowWritingLogs\",\n      \"Effect\": \"Allow\",\n      \"Action\": [\n        \"logs:PutLogEvents\",\n        \"logs:CreateLogStream\"\n      ],\n      \"Resource\": \"arn:aws:logs:eu-central-1:*:log-group:/aws/lambda/*:*\"\n    }\n  ]\n}",
            "policy_id": "ANPATXTLOBP7UFOY2CUCR",
            "tags": {},
            "tags_all": {}
          },
          "sensitive_attributes": [],
          "private": "bnVsbA==",
          "dependencies": [
            "aws_dynamodb_table.device_connections",
            "data.aws_iam_policy_document.policy_document",
            "module.api_gatewayv2.aws_apigatewayv2_api.websocket_api"
          ]
        }
      ]
    },
    {
      "mode": "managed",
      "type": "aws_iam_role",
      "name": "apig-sqs-send-msg-role",
      "provider": "provider[\"registry.terraform.io/hashicorp/aws\"]",
      "instances": [
        {
          "schema_version": 0,
          "attributes": {
            "arn": "arn:aws:iam::256849611775:role/apig-sqs-send-msg-role",
            "assume_role_policy": "{\"Version\":\"2012-10-17\",\"Statement\":[{\"Effect\":\"Allow\",\"Principal\":{\"Service\":\"apigateway.amazonaws.com\"},\"Action\":\"sts:AssumeRole\"}]}",
            "create_date": "2021-10-19T08:40:34Z",
            "description": "",
            "force_detach_policies": false,
            "id": "apig-sqs-send-msg-role",
            "inline_policy": [
              {
                "name": "",
                "policy": ""
              }
            ],
            "managed_policy_arns": [
              "arn:aws:iam::256849611775:policy/apig-sqs-send-msg-policy"
            ],
            "max_session_duration": 3600,
            "name": "apig-sqs-send-msg-role",
            "name_prefix": "",
            "path": "/",
            "permissions_boundary": null,
            "tags": {
              "env": "training-apigateway"
            },
            "tags_all": {
              "env": "training-apigateway"
            },
            "unique_id": "AROATXTLOBP74KUDOZCXV"
          },
          "sensitive_attributes": [],
          "private": "bnVsbA=="
        }
      ]
    },
    {
      "mode": "managed",
      "type": "aws_iam_role",
      "name": "lambda_role",
      "provider": "provider[\"registry.terraform.io/hashicorp/aws\"]",
      "instances": [
        {
          "schema_version": 0,
          "attributes": {
            "arn": "arn:aws:iam::256849611775:role/terraform-20211019084033668500000001",
            "assume_role_policy": "{\"Version\":\"2012-10-17\",\"Statement\":[{\"Sid\":\"\",\"Effect\":\"Allow\",\"Principal\":{\"Service\":\"lambda.amazonaws.com\"},\"Action\":\"sts:AssumeRole\"}]}",
            "create_date": "2021-10-19T08:40:34Z",
            "description": "",
            "force_detach_policies": false,
            "id": "terraform-20211019084033668500000001",
            "inline_policy": [
              {
                "name": "",
                "policy": ""
              }
            ],
            "managed_policy_arns": [
              "arn:aws:iam::256849611775:policy/terraform-20211019084042324500000003"
            ],
            "max_session_duration": 3600,
            "name": "terraform-20211019084033668500000001",
            "name_prefix": "terraform-",
            "path": "/",
            "permissions_boundary": null,
            "tags": {},
            "tags_all": {},
            "unique_id": "AROATXTLOBP7Z4HKM2ZXZ"
          },
          "sensitive_attributes": [],
          "private": "bnVsbA=="
        }
      ]
    },
    {
      "mode": "managed",
      "type": "aws_iam_role_policy_attachment",
      "name": "policy_attachment",
      "provider": "provider[\"registry.terraform.io/hashicorp/aws\"]",
      "instances": [
        {
          "schema_version": 0,
          "attributes": {
            "id": "terraform-20211019084033668500000001-20211019084044659100000004",
            "policy_arn": "arn:aws:iam::256849611775:policy/terraform-20211019084042324500000003",
            "role": "terraform-20211019084033668500000001"
          },
          "sensitive_attributes": [],
          "private": "bnVsbA==",
          "dependencies": [
            "aws_dynamodb_table.device_connections",
            "aws_iam_policy.lambda_policy",
            "aws_iam_role.lambda_role",
            "data.aws_iam_policy_document.policy_document",
            "module.api_gatewayv2.aws_apigatewayv2_api.websocket_api"
          ]
        }
      ]
    },
    {
      "mode": "managed",
      "type": "aws_iam_role_policy_attachment",
      "name": "terraform_apig_sqs_policy_attach",
      "provider": "provider[\"registry.terraform.io/hashicorp/aws\"]",
      "instances": [
        {
          "schema_version": 0,
          "attributes": {
            "id": "apig-sqs-send-msg-role-20211019084037203200000002",
            "policy_arn": "arn:aws:iam::256849611775:policy/apig-sqs-send-msg-policy",
            "role": "apig-sqs-send-msg-role"
          },
          "sensitive_attributes": [],
          "private": "bnVsbA==",
          "dependencies": [
            "aws_sqs_queue.device_in",
            "aws_iam_policy.apig-sqs-send-msg-policy",
            "aws_iam_role.apig-sqs-send-msg-role"
          ]
        }
      ]
    },
    {
      "mode": "managed",
      "type": "aws_lambda_event_source_mapping",
      "name": "device_in_commands_trigger",
      "provider": "provider[\"registry.terraform.io/hashicorp/aws\"]",
      "instances": [
        {
          "schema_version": 0,
          "attributes": {
            "batch_size": 1,
            "bisect_batch_on_function_error": false,
            "destination_config": [],
            "enabled": true,
            "event_source_arn": "arn:aws:sqs:eu-central-1:256849611775:device-in.fifo",
            "function_arn": "arn:aws:lambda:eu-central-1:256849611775:function:device-in-commands",
            "function_name": "arn:aws:lambda:eu-central-1:256849611775:function:device-in-commands",
            "function_response_types": [],
            "id": "7137b288-4955-4e89-9f1b-3686934c5168",
            "last_modified": "2021-10-19T08:41:04Z",
            "last_processing_result": "",
            "maximum_batching_window_in_seconds": 0,
            "maximum_record_age_in_seconds": 0,
            "maximum_retry_attempts": 0,
            "parallelization_factor": 0,
            "queues": [],
            "self_managed_event_source": [],
            "source_access_configuration": [],
            "starting_position": "",
            "starting_position_timestamp": "",
            "state": "Enabled",
            "state_transition_reason": "USER_INITIATED",
            "topics": [],
            "tumbling_window_in_seconds": 0,
            "uuid": "7137b288-4955-4e89-9f1b-3686934c5168"
          },
          "sensitive_attributes": [],
          "private": "bnVsbA==",
          "dependencies": [
            "module.api_gatewayv2.aws_apigatewayv2_stage.lambda",
            "aws_iam_role.lambda_role",
            "aws_lambda_function.device_in_commands",
            "aws_sqs_queue.device_in",
            "module.api_gatewayv2.aws_apigatewayv2_api.websocket_api"
          ]
        }
      ]
    },
    {
      "mode": "managed",
      "type": "aws_lambda_event_source_mapping",
      "name": "device_out_metrics_trigger",
      "provider": "provider[\"registry.terraform.io/hashicorp/aws\"]",
      "instances": [
        {
          "schema_version": 0,
          "attributes": {
            "batch_size": 1,
            "bisect_batch_on_function_error": false,
            "destination_config": [],
            "enabled": true,
            "event_source_arn": "arn:aws:sqs:eu-central-1:256849611775:device-out.fifo",
            "function_arn": "arn:aws:lambda:eu-central-1:256849611775:function:device-out-metrics",
            "function_name": "arn:aws:lambda:eu-central-1:256849611775:function:device-out-metrics",
            "function_response_types": [],
            "id": "753958b2-5746-466d-acbd-e8ab15e95b7f",
            "last_modified": "2021-10-19T08:40:58Z",
            "last_processing_result": "",
            "maximum_batching_window_in_seconds": 0,
            "maximum_record_age_in_seconds": 0,
            "maximum_retry_attempts": 0,
            "parallelization_factor": 0,
            "queues": [],
            "self_managed_event_source": [],
            "source_access_configuration": [],
            "starting_position": "",
            "starting_position_timestamp": "",
            "state": "Enabled",
            "state_transition_reason": "USER_INITIATED",
            "topics": [],
            "tumbling_window_in_seconds": 0,
            "uuid": "753958b2-5746-466d-acbd-e8ab15e95b7f"
          },
          "sensitive_attributes": [],
          "private": "bnVsbA==",
          "dependencies": [
            "aws_iam_role.lambda_role",
            "aws_lambda_function.device_out_metrics",
            "aws_sqs_queue.device_out"
          ]
        }
      ]
    },
    {
      "mode": "managed",
      "type": "aws_lambda_function",
      "name": "device_in_commands",
      "provider": "provider[\"registry.terraform.io/hashicorp/aws\"]",
      "instances": [
        {
          "schema_version": 0,
          "attributes": {
            "arn": "arn:aws:lambda:eu-central-1:256849611775:function:device-in-commands",
            "code_signing_config_arn": "",
            "dead_letter_config": [],
            "description": "",
            "environment": [
              {
                "variables": {
                  "invokeUrl": "wss://qw46nbewu8.execute-api.eu-central-1.amazonaws.com/primary",
                  "region": "eu-central-1"
                }
              }
            ],
            "file_system_config": [],
            "filename": "../dist/lambdas/device-in-commands.zip",
            "function_name": "device-in-commands",
            "handler": "index.handler",
            "id": "device-in-commands",
            "image_config": [],
            "image_uri": "",
            "invoke_arn": "arn:aws:apigateway:eu-central-1:lambda:path/2015-03-31/functions/arn:aws:lambda:eu-central-1:256849611775:function:device-in-commands/invocations",
            "kms_key_arn": "",
            "last_modified": "2021-10-19T08:46:10.938+0000",
            "layers": [],
            "memory_size": 128,
            "package_type": "Zip",
            "publish": false,
            "qualified_arn": "arn:aws:lambda:eu-central-1:256849611775:function:device-in-commands:$LATEST",
            "reserved_concurrent_executions": -1,
            "role": "arn:aws:iam::256849611775:role/terraform-20211019084033668500000001",
            "runtime": "nodejs14.x",
            "s3_bucket": null,
            "s3_key": null,
            "s3_object_version": null,
            "signing_job_arn": "",
            "signing_profile_version_arn": "",
            "source_code_hash": "BaN5CwmQBiq/XDD2C4iK6CIPLNBg9vPtL2x7nyH/T/w=",
            "source_code_size": 6278,
            "tags": {
              "env": "training-apigateway"
            },
            "tags_all": {
              "env": "training-apigateway"
            },
            "timeout": 10,
            "timeouts": null,
            "tracing_config": [
              {
                "mode": "PassThrough"
              }
            ],
            "version": "$LATEST",
            "vpc_config": []
          },
          "sensitive_attributes": [],
          "private": "eyJlMmJmYjczMC1lY2FhLTExZTYtOGY4OC0zNDM2M2JjN2M0YzAiOnsiY3JlYXRlIjo2MDAwMDAwMDAwMDB9fQ==",
          "dependencies": [
            "aws_iam_role.lambda_role",
            "module.api_gatewayv2.aws_apigatewayv2_stage.lambda"
          ]
        }
      ]
    },
    {
      "mode": "managed",
      "type": "aws_lambda_function",
      "name": "device_out_metrics",
      "provider": "provider[\"registry.terraform.io/hashicorp/aws\"]",
      "instances": [
        {
          "schema_version": 0,
          "attributes": {
            "arn": "arn:aws:lambda:eu-central-1:256849611775:function:device-out-metrics",
            "code_signing_config_arn": "",
            "dead_letter_config": [],
            "description": "",
            "environment": [
              {
                "variables": {
                  "region": "eu-central-1"
                }
              }
            ],
            "file_system_config": [],
            "filename": "../dist/lambdas/device-out-metrics.zip",
            "function_name": "device-out-metrics",
            "handler": "index.handler",
            "id": "device-out-metrics",
            "image_config": [],
            "image_uri": "",
            "invoke_arn": "arn:aws:apigateway:eu-central-1:lambda:path/2015-03-31/functions/arn:aws:lambda:eu-central-1:256849611775:function:device-out-metrics/invocations",
            "kms_key_arn": "",
            "last_modified": "2021-10-19T08:46:23.013+0000",
            "layers": [],
            "memory_size": 128,
            "package_type": "Zip",
            "publish": false,
            "qualified_arn": "arn:aws:lambda:eu-central-1:256849611775:function:device-out-metrics:$LATEST",
            "reserved_concurrent_executions": -1,
            "role": "arn:aws:iam::256849611775:role/terraform-20211019084033668500000001",
            "runtime": "nodejs14.x",
            "s3_bucket": null,
            "s3_key": null,
            "s3_object_version": null,
            "signing_job_arn": "",
            "signing_profile_version_arn": "",
            "source_code_hash": "WA9LNh+3HAB/0RiXIAEPzdghQOp3XzQqAqCPbFM/aZY=",
            "source_code_size": 960,
            "tags": {
              "env": "training-apigateway"
            },
            "tags_all": {
              "env": "training-apigateway"
            },
            "timeout": 10,
            "timeouts": null,
            "tracing_config": [
              {
                "mode": "PassThrough"
              }
            ],
            "version": "$LATEST",
            "vpc_config": []
          },
          "sensitive_attributes": [],
          "private": "eyJlMmJmYjczMC1lY2FhLTExZTYtOGY4OC0zNDM2M2JjN2M0YzAiOnsiY3JlYXRlIjo2MDAwMDAwMDAwMDB9fQ==",
          "dependencies": [
            "aws_iam_role.lambda_role"
          ]
        }
      ]
    },
    {
      "mode": "managed",
      "type": "aws_lambda_function",
      "name": "on_connect",
      "provider": "provider[\"registry.terraform.io/hashicorp/aws\"]",
      "instances": [
        {
          "schema_version": 0,
          "attributes": {
            "arn": "arn:aws:lambda:eu-central-1:256849611775:function:on-connect",
            "code_signing_config_arn": "",
            "dead_letter_config": [],
            "description": "",
            "environment": [
              {
                "variables": {
                  "endpoint": "device-connections",
                  "invokeUrl": "wss://qw46nbewu8.execute-api.eu-central-1.amazonaws.com/primary",
                  "region": "eu-central-1"
                }
              }
            ],
            "file_system_config": [],
            "filename": "../dist/lambdas/on-connect.zip",
            "function_name": "on-connect",
            "handler": "index.handler",
            "id": "on-connect",
            "image_config": [],
            "image_uri": "",
            "invoke_arn": "arn:aws:apigateway:eu-central-1:lambda:path/2015-03-31/functions/arn:aws:lambda:eu-central-1:256849611775:function:on-connect/invocations",
            "kms_key_arn": "",
            "last_modified": "2021-10-19T08:46:35.095+0000",
            "layers": [],
            "memory_size": 128,
            "package_type": "Zip",
            "publish": false,
            "qualified_arn": "arn:aws:lambda:eu-central-1:256849611775:function:on-connect:$LATEST",
            "reserved_concurrent_executions": -1,
            "role": "arn:aws:iam::256849611775:role/terraform-20211019084033668500000001",
            "runtime": "nodejs14.x",
            "s3_bucket": null,
            "s3_key": null,
            "s3_object_version": null,
            "signing_job_arn": "",
            "signing_profile_version_arn": "",
            "source_code_hash": "tbDH6DvjQ9bAFDW24jaQXemQbH10KTqStULj6prJ7Rk=",
            "source_code_size": 6526,
            "tags": {
              "env": "training-apigateway"
            },
            "tags_all": {
              "env": "training-apigateway"
            },
            "timeout": 3,
            "timeouts": null,
            "tracing_config": [
              {
                "mode": "PassThrough"
              }
            ],
            "version": "$LATEST",
            "vpc_config": []
          },
          "sensitive_attributes": [],
          "private": "eyJlMmJmYjczMC1lY2FhLTExZTYtOGY4OC0zNDM2M2JjN2M0YzAiOnsiY3JlYXRlIjo2MDAwMDAwMDAwMDB9fQ==",
          "dependencies": [
            "aws_dynamodb_table.device_connections",
            "aws_iam_role.lambda_role",
            "module.api_gatewayv2.aws_apigatewayv2_stage.lambda"
          ]
        }
      ]
    },
    {
      "mode": "managed",
      "type": "aws_lambda_function",
      "name": "on_disconnect",
      "provider": "provider[\"registry.terraform.io/hashicorp/aws\"]",
      "instances": [
        {
          "schema_version": 0,
          "attributes": {
            "arn": "arn:aws:lambda:eu-central-1:256849611775:function:on-disconnect",
            "code_signing_config_arn": "",
            "dead_letter_config": [],
            "description": "",
            "environment": [
              {
                "variables": {
                  "endpoint": "device-connections",
                  "region": "eu-central-1"
                }
              }
            ],
            "file_system_config": [],
            "filename": "../dist/lambdas/on-disconnect.zip",
            "function_name": "on-disconnect",
            "handler": "index.handler",
            "id": "on-disconnect",
            "image_config": [],
            "image_uri": "",
            "invoke_arn": "arn:aws:apigateway:eu-central-1:lambda:path/2015-03-31/functions/arn:aws:lambda:eu-central-1:256849611775:function:on-disconnect/invocations",
            "kms_key_arn": "",
            "last_modified": "2021-10-19T08:46:29.064+0000",
            "layers": [],
            "memory_size": 128,
            "package_type": "Zip",
            "publish": false,
            "qualified_arn": "arn:aws:lambda:eu-central-1:256849611775:function:on-disconnect:$LATEST",
            "reserved_concurrent_executions": -1,
            "role": "arn:aws:iam::256849611775:role/terraform-20211019084033668500000001",
            "runtime": "nodejs14.x",
            "s3_bucket": null,
            "s3_key": null,
            "s3_object_version": null,
            "signing_job_arn": "",
            "signing_profile_version_arn": "",
            "source_code_hash": "dKZ6qUYHSGrOO3IOiNc6BOjaIhymHEQn9oqld8oSY1I=",
            "source_code_size": 1782,
            "tags": {
              "env": "training-apigateway"
            },
            "tags_all": {
              "env": "training-apigateway"
            },
            "timeout": 3,
            "timeouts": null,
            "tracing_config": [
              {
                "mode": "PassThrough"
              }
            ],
            "version": "$LATEST",
            "vpc_config": []
          },
          "sensitive_attributes": [],
          "private": "eyJlMmJmYjczMC1lY2FhLTExZTYtOGY4OC0zNDM2M2JjN2M0YzAiOnsiY3JlYXRlIjo2MDAwMDAwMDAwMDB9fQ==",
          "dependencies": [
            "aws_dynamodb_table.device_connections",
            "aws_iam_role.lambda_role"
          ]
        }
      ]
    },
    {
      "mode": "managed",
      "type": "aws_lambda_function",
      "name": "on_message",
      "provider": "provider[\"registry.terraform.io/hashicorp/aws\"]",
      "instances": [
        {
          "schema_version": 0,
          "attributes": {
            "arn": "arn:aws:lambda:eu-central-1:256849611775:function:on-message",
            "code_signing_config_arn": "",
            "dead_letter_config": [],
            "description": "",
            "environment": [
              {
                "variables": {
                  "queueUrl": "https://sqs.eu-central-1.amazonaws.com/256849611775/device-out.fifo",
                  "region": "eu-central-1"
                }
              }
            ],
            "file_system_config": [],
            "filename": "../dist/lambdas/on-message.zip",
            "function_name": "on-message",
            "handler": "index.handler",
            "id": "on-message",
            "image_config": [],
            "image_uri": "",
            "invoke_arn": "arn:aws:apigateway:eu-central-1:lambda:path/2015-03-31/functions/arn:aws:lambda:eu-central-1:256849611775:function:on-message/invocations",
            "kms_key_arn": "",
            "last_modified": "2021-10-19T08:46:16.960+0000",
            "layers": [],
            "memory_size": 128,
            "package_type": "Zip",
            "publish": false,
            "qualified_arn": "arn:aws:lambda:eu-central-1:256849611775:function:on-message:$LATEST",
            "reserved_concurrent_executions": -1,
            "role": "arn:aws:iam::256849611775:role/terraform-20211019084033668500000001",
            "runtime": "nodejs14.x",
            "s3_bucket": null,
            "s3_key": null,
            "s3_object_version": null,
            "signing_job_arn": "",
            "signing_profile_version_arn": "",
            "source_code_hash": "8OWStbEN/KK+H+DDMYbC+Y0acPvxm641CBXEJBXM50s=",
            "source_code_size": 8134,
            "tags": {
              "env": "training-apigateway"
            },
            "tags_all": {
              "env": "training-apigateway"
            },
            "timeout": 3,
            "timeouts": null,
            "tracing_config": [
              {
                "mode": "PassThrough"
              }
            ],
            "version": "$LATEST",
            "vpc_config": []
          },
          "sensitive_attributes": [],
          "private": "eyJlMmJmYjczMC1lY2FhLTExZTYtOGY4OC0zNDM2M2JjN2M0YzAiOnsiY3JlYXRlIjo2MDAwMDAwMDAwMDB9fQ==",
          "dependencies": [
            "aws_iam_role.lambda_role",
            "aws_sqs_queue.device_out"
          ]
        }
      ]
    },
    {
      "mode": "managed",
      "type": "aws_sqs_queue",
      "name": "device_in",
      "provider": "provider[\"registry.terraform.io/hashicorp/aws\"]",
      "instances": [
        {
          "schema_version": 0,
          "attributes": {
            "arn": "arn:aws:sqs:eu-central-1:256849611775:device-in.fifo",
            "content_based_deduplication": true,
            "deduplication_scope": "queue",
            "delay_seconds": 0,
            "fifo_queue": true,
            "fifo_throughput_limit": "perQueue",
            "id": "https://sqs.eu-central-1.amazonaws.com/256849611775/device-in.fifo",
            "kms_data_key_reuse_period_seconds": 300,
            "kms_master_key_id": "",
            "max_message_size": 262144,
            "message_retention_seconds": 345600,
            "name": "device-in.fifo",
            "name_prefix": "",
            "policy": "",
            "receive_wait_time_seconds": 0,
            "redrive_policy": "",
            "tags": {
              "env": "training-apigateway"
            },
            "tags_all": {
              "env": "training-apigateway"
            },
            "url": "https://sqs.eu-central-1.amazonaws.com/256849611775/device-in.fifo",
            "visibility_timeout_seconds": 30
          },
          "sensitive_attributes": [],
          "private": "bnVsbA=="
        }
      ]
    },
    {
      "mode": "managed",
      "type": "aws_sqs_queue",
      "name": "device_out",
      "provider": "provider[\"registry.terraform.io/hashicorp/aws\"]",
      "instances": [
        {
          "schema_version": 0,
          "attributes": {
            "arn": "arn:aws:sqs:eu-central-1:256849611775:device-out.fifo",
            "content_based_deduplication": true,
            "deduplication_scope": "queue",
            "delay_seconds": 0,
            "fifo_queue": true,
            "fifo_throughput_limit": "perQueue",
            "id": "https://sqs.eu-central-1.amazonaws.com/256849611775/device-out.fifo",
            "kms_data_key_reuse_period_seconds": 300,
            "kms_master_key_id": "",
            "max_message_size": 262144,
            "message_retention_seconds": 345600,
            "name": "device-out.fifo",
            "name_prefix": "",
            "policy": "",
            "receive_wait_time_seconds": 0,
            "redrive_policy": "",
            "tags": {
              "env": "training-apigateway"
            },
            "tags_all": {
              "env": "training-apigateway"
            },
            "url": "https://sqs.eu-central-1.amazonaws.com/256849611775/device-out.fifo",
            "visibility_timeout_seconds": 30
          },
          "sensitive_attributes": [],
          "private": "bnVsbA=="
        }
      ]
    },
    {
      "module": "module.api_gatewayv2",
      "mode": "managed",
      "type": "aws_apigatewayv2_api",
      "name": "websocket_api",
      "provider": "provider[\"registry.terraform.io/hashicorp/aws\"]",
      "instances": [
        {
          "schema_version": 0,
          "attributes": {
            "api_endpoint": "wss://qw46nbewu8.execute-api.eu-central-1.amazonaws.com",
            "api_key_selection_expression": "$request.header.x-api-key",
            "arn": "arn:aws:apigateway:eu-central-1::/apis/qw46nbewu8",
            "body": null,
            "cors_configuration": [],
            "credentials_arn": null,
            "description": "",
            "disable_execute_api_endpoint": false,
            "execution_arn": "arn:aws:execute-api:eu-central-1:256849611775:qw46nbewu8",
            "fail_on_warnings": null,
            "id": "qw46nbewu8",
            "name": "websocket-api",
            "protocol_type": "WEBSOCKET",
            "route_key": null,
            "route_selection_expression": "$request.body.action",
            "tags": {
              "env": "training-apigateway"
            },
            "tags_all": {
              "env": "training-apigateway"
            },
            "target": null,
            "version": ""
          },
          "sensitive_attributes": [],
          "private": "bnVsbA=="
        }
      ]
    },
    {
      "module": "module.api_gatewayv2",
      "mode": "managed",
      "type": "aws_apigatewayv2_integration",
      "name": "lambda_connect",
      "provider": "provider[\"registry.terraform.io/hashicorp/aws\"]",
      "instances": [
        {
          "schema_version": 0,
          "attributes": {
            "api_id": "qw46nbewu8",
            "connection_id": "",
            "connection_type": "INTERNET",
            "content_handling_strategy": "",
            "credentials_arn": "",
            "description": "",
            "id": "et9veh3",
            "integration_method": "POST",
            "integration_response_selection_expression": "",
            "integration_subtype": "",
            "integration_type": "AWS_PROXY",
            "integration_uri": "arn:aws:apigateway:eu-central-1:lambda:path/2015-03-31/functions/arn:aws:lambda:eu-central-1:256849611775:function:on-connect/invocations",
            "passthrough_behavior": "WHEN_NO_MATCH",
            "payload_format_version": "1.0",
            "request_parameters": {},
            "request_templates": {},
            "response_parameters": [],
            "template_selection_expression": "",
            "timeout_milliseconds": 29000,
            "tls_config": []
          },
          "sensitive_attributes": [],
          "private": "bnVsbA==",
          "dependencies": [
            "module.api_gatewayv2.aws_apigatewayv2_api.websocket_api",
            "module.api_gatewayv2.aws_apigatewayv2_stage.lambda",
            "aws_dynamodb_table.device_connections",
            "aws_iam_role.lambda_role",
            "aws_lambda_function.on_connect"
          ]
        }
      ]
    },
    {
      "module": "module.api_gatewayv2",
      "mode": "managed",
      "type": "aws_apigatewayv2_integration",
      "name": "lambda_disconnect",
      "provider": "provider[\"registry.terraform.io/hashicorp/aws\"]",
      "instances": [
        {
          "schema_version": 0,
          "attributes": {
            "api_id": "qw46nbewu8",
            "connection_id": "",
            "connection_type": "INTERNET",
            "content_handling_strategy": "",
            "credentials_arn": "",
            "description": "",
            "id": "gomzstf",
            "integration_method": "POST",
            "integration_response_selection_expression": "",
            "integration_subtype": "",
            "integration_type": "AWS_PROXY",
            "integration_uri": "arn:aws:apigateway:eu-central-1:lambda:path/2015-03-31/functions/arn:aws:lambda:eu-central-1:256849611775:function:on-disconnect/invocations",
            "passthrough_behavior": "WHEN_NO_MATCH",
            "payload_format_version": "1.0",
            "request_parameters": {},
            "request_templates": {},
            "response_parameters": [],
            "template_selection_expression": "",
            "timeout_milliseconds": 29000,
            "tls_config": []
          },
          "sensitive_attributes": [],
          "private": "bnVsbA==",
          "dependencies": [
            "aws_iam_role.lambda_role",
            "aws_lambda_function.on_disconnect",
            "module.api_gatewayv2.aws_apigatewayv2_api.websocket_api",
            "aws_dynamodb_table.device_connections"
          ]
        }
      ]
    },
    {
      "module": "module.api_gatewayv2",
      "mode": "managed",
      "type": "aws_apigatewayv2_integration",
      "name": "lambda_main",
      "provider": "provider[\"registry.terraform.io/hashicorp/aws\"]",
      "instances": [
        {
          "schema_version": 0,
          "attributes": {
            "api_id": "qw46nbewu8",
            "connection_id": "",
            "connection_type": "INTERNET",
            "content_handling_strategy": "",
            "credentials_arn": "",
            "description": "",
            "id": "d4x3yiu",
            "integration_method": "POST",
            "integration_response_selection_expression": "",
            "integration_subtype": "",
            "integration_type": "AWS_PROXY",
            "integration_uri": "arn:aws:apigateway:eu-central-1:lambda:path/2015-03-31/functions/arn:aws:lambda:eu-central-1:256849611775:function:on-message/invocations",
            "passthrough_behavior": "WHEN_NO_MATCH",
            "payload_format_version": "1.0",
            "request_parameters": {},
            "request_templates": {},
            "response_parameters": [],
            "template_selection_expression": "",
            "timeout_milliseconds": 29000,
            "tls_config": []
          },
          "sensitive_attributes": [],
          "private": "bnVsbA==",
          "dependencies": [
            "module.api_gatewayv2.aws_apigatewayv2_api.websocket_api",
            "aws_iam_role.lambda_role",
            "aws_lambda_function.on_message",
            "aws_sqs_queue.device_out"
          ]
        }
      ]
    },
    {
      "module": "module.api_gatewayv2",
      "mode": "managed",
      "type": "aws_apigatewayv2_route",
      "name": "_connect",
      "provider": "provider[\"registry.terraform.io/hashicorp/aws\"]",
      "instances": [
        {
          "schema_version": 0,
          "attributes": {
            "api_id": "qw46nbewu8",
            "api_key_required": false,
            "authorization_scopes": [],
            "authorization_type": "NONE",
            "authorizer_id": "",
            "id": "p8rh2j0",
            "model_selection_expression": "",
            "operation_name": "",
            "request_models": {},
            "request_parameter": [],
            "route_key": "$connect",
            "route_response_selection_expression": "",
            "target": "integrations/et9veh3"
          },
          "sensitive_attributes": [],
          "private": "bnVsbA==",
          "dependencies": [
            "aws_lambda_function.on_connect",
            "module.api_gatewayv2.aws_apigatewayv2_api.websocket_api",
            "module.api_gatewayv2.aws_apigatewayv2_integration.lambda_connect",
            "module.api_gatewayv2.aws_apigatewayv2_stage.lambda",
            "aws_dynamodb_table.device_connections",
            "aws_iam_role.lambda_role"
          ]
        }
      ]
    },
    {
      "module": "module.api_gatewayv2",
      "mode": "managed",
      "type": "aws_apigatewayv2_route",
      "name": "_default",
      "provider": "provider[\"registry.terraform.io/hashicorp/aws\"]",
      "instances": [
        {
          "schema_version": 0,
          "attributes": {
            "api_id": "qw46nbewu8",
            "api_key_required": false,
            "authorization_scopes": [],
            "authorization_type": "NONE",
            "authorizer_id": "",
            "id": "88611ge",
            "model_selection_expression": "",
            "operation_name": "",
            "request_models": {},
            "request_parameter": [],
            "route_key": "$default",
            "route_response_selection_expression": "",
            "target": "integrations/d4x3yiu"
          },
          "sensitive_attributes": [],
          "private": "bnVsbA==",
          "dependencies": [
            "aws_iam_role.lambda_role",
            "aws_lambda_function.on_message",
            "aws_sqs_queue.device_out",
            "module.api_gatewayv2.aws_apigatewayv2_api.websocket_api",
            "module.api_gatewayv2.aws_apigatewayv2_integration.lambda_main"
          ]
        }
      ]
    },
    {
      "module": "module.api_gatewayv2",
      "mode": "managed",
      "type": "aws_apigatewayv2_route",
      "name": "_disconnect",
      "provider": "provider[\"registry.terraform.io/hashicorp/aws\"]",
      "instances": [
        {
          "schema_version": 0,
          "attributes": {
            "api_id": "qw46nbewu8",
            "api_key_required": false,
            "authorization_scopes": [],
            "authorization_type": "NONE",
            "authorizer_id": "",
            "id": "gowgj86",
            "model_selection_expression": "",
            "operation_name": "",
            "request_models": {},
            "request_parameter": [],
            "route_key": "$disconnect",
            "route_response_selection_expression": "",
            "target": "integrations/gomzstf"
          },
          "sensitive_attributes": [],
          "private": "bnVsbA==",
          "dependencies": [
            "module.api_gatewayv2.aws_apigatewayv2_api.websocket_api",
            "module.api_gatewayv2.aws_apigatewayv2_integration.lambda_disconnect",
            "aws_dynamodb_table.device_connections",
            "aws_iam_role.lambda_role",
            "aws_lambda_function.on_disconnect"
          ]
        }
      ]
    },
    {
      "module": "module.api_gatewayv2",
      "mode": "managed",
      "type": "aws_apigatewayv2_stage",
      "name": "lambda",
      "provider": "provider[\"registry.terraform.io/hashicorp/aws\"]",
      "instances": [
        {
          "schema_version": 0,
          "attributes": {
            "access_log_settings": [],
            "api_id": "qw46nbewu8",
            "arn": "arn:aws:apigateway:eu-central-1::/apis/qw46nbewu8/stages/primary",
            "auto_deploy": true,
            "client_certificate_id": "",
            "default_route_settings": [
              {
                "data_trace_enabled": false,
                "detailed_metrics_enabled": false,
                "logging_level": "OFF",
                "throttling_burst_limit": 0,
                "throttling_rate_limit": 0
              }
            ],
            "deployment_id": "yjl06t",
            "description": "",
            "execution_arn": "arn:aws:execute-api:eu-central-1:256849611775:qw46nbewu8/primary",
            "id": "primary",
            "invoke_url": "wss://qw46nbewu8.execute-api.eu-central-1.amazonaws.com/primary",
            "name": "primary",
            "route_settings": [],
            "stage_variables": {},
            "tags": {},
            "tags_all": {}
          },
          "sensitive_attributes": [],
          "private": "bnVsbA==",
          "dependencies": [
            "module.api_gatewayv2.aws_apigatewayv2_api.websocket_api"
          ]
        }
      ]
    },
    {
      "module": "module.api_gatewayv2",
      "mode": "managed",
      "type": "aws_lambda_permission",
      "name": "api_gw_main_lambda_main",
      "provider": "provider[\"registry.terraform.io/hashicorp/aws\"]",
      "instances": [
        {
          "schema_version": 0,
          "attributes": {
            "action": "lambda:InvokeFunction",
            "event_source_token": null,
            "function_name": "on-message",
            "id": "AllowExecutionFromAPIGateway",
            "principal": "apigateway.amazonaws.com",
            "qualifier": "",
            "source_account": null,
            "source_arn": "arn:aws:execute-api:eu-central-1:256849611775:qw46nbewu8/*/*",
            "statement_id": "AllowExecutionFromAPIGateway",
            "statement_id_prefix": null
          },
          "sensitive_attributes": [],
          "private": "bnVsbA==",
          "dependencies": [
            "aws_sqs_queue.device_out",
            "module.api_gatewayv2.aws_apigatewayv2_api.websocket_api",
            "aws_iam_role.lambda_role",
            "aws_lambda_function.on_message"
          ]
        }
      ]
    },
    {
      "module": "module.api_gatewayv2",
      "mode": "managed",
      "type": "aws_lambda_permission",
      "name": "api_gw_onconnect_lambda_onconnect",
      "provider": "provider[\"registry.terraform.io/hashicorp/aws\"]",
      "instances": [
        {
          "schema_version": 0,
          "attributes": {
            "action": "lambda:InvokeFunction",
            "event_source_token": null,
            "function_name": "on-connect",
            "id": "AllowExecutionFromAPIGateway",
            "principal": "apigateway.amazonaws.com",
            "qualifier": "",
            "source_account": null,
            "source_arn": "arn:aws:execute-api:eu-central-1:256849611775:qw46nbewu8/*/*",
            "statement_id": "AllowExecutionFromAPIGateway",
            "statement_id_prefix": null
          },
          "sensitive_attributes": [],
          "private": "bnVsbA==",
          "dependencies": [
            "aws_lambda_function.on_connect",
            "module.api_gatewayv2.aws_apigatewayv2_api.websocket_api",
            "module.api_gatewayv2.aws_apigatewayv2_stage.lambda",
            "aws_dynamodb_table.device_connections",
            "aws_iam_role.lambda_role"
          ]
        }
      ]
    },
    {
      "module": "module.api_gatewayv2",
      "mode": "managed",
      "type": "aws_lambda_permission",
      "name": "api_gw_onconnect_lambda_ondisconnect",
      "provider": "provider[\"registry.terraform.io/hashicorp/aws\"]",
      "instances": [
        {
          "schema_version": 0,
          "attributes": {
            "action": "lambda:InvokeFunction",
            "event_source_token": null,
            "function_name": "on-disconnect",
            "id": "AllowExecutionFromAPIGateway",
            "principal": "apigateway.amazonaws.com",
            "qualifier": "",
            "source_account": null,
            "source_arn": "arn:aws:execute-api:eu-central-1:256849611775:qw46nbewu8/*/*",
            "statement_id": "AllowExecutionFromAPIGateway",
            "statement_id_prefix": null
          },
          "sensitive_attributes": [],
          "private": "bnVsbA==",
          "dependencies": [
            "aws_dynamodb_table.device_connections",
            "aws_iam_role.lambda_role",
            "aws_lambda_function.on_disconnect",
            "module.api_gatewayv2.aws_apigatewayv2_api.websocket_api"
          ]
        }
      ]
    }
  ]
}
