{
  "version": 4,
  "terraform_version": "0.14.3",
  "serial": 141,
  "lineage": "5fe5f323-d1b9-7384-68d2-9c5d198269ee",
  "outputs": {
    "sqs_url": {
      "value": "https://sqs.eu-central-1.amazonaws.com/616174815271/terraform-example-queue",
      "type": "string"
    }
  },
  "resources": [
    {
      "mode": "data",
      "type": "aws_iam_policy_document",
      "name": "policy_document",
      "provider": "provider[\"registry.terraform.io/hashicorp/aws\"]",
      "instances": [
        {
          "schema_version": 0,
          "attributes": {
            "id": "1128673340",
            "json": "{\n  \"Version\": \"2012-10-17\",\n  \"Statement\": [\n    {\n      \"Sid\": \"AllowSQSPermissions\",\n      \"Effect\": \"Allow\",\n      \"Action\": [\n        \"sqs:SendMessage\",\n        \"sqs:ReceiveMessage\",\n        \"sqs:GetQueueAttributes\",\n        \"sqs:DeleteMessage\",\n        \"sqs:ChangeMessageVisibility\"\n      ],\n      \"Resource\": \"arn:aws:sqs:*\"\n    },\n    {\n      \"Sid\": \"AllowInvokingLambdas\",\n      \"Effect\": \"Allow\",\n      \"Action\": \"lambda:InvokeFunction\",\n      \"Resource\": \"arn:aws:lambda:eu-central-1:*:function:*\"\n    },\n    {\n      \"Sid\": \"AllowCreatingLogGroups\",\n      \"Effect\": \"Allow\",\n      \"Action\": \"logs:CreateLogGroup\",\n      \"Resource\": \"arn:aws:logs:eu-central-1:*:*\"\n    },\n    {\n      \"Sid\": \"AllowWritingLogs\",\n      \"Effect\": \"Allow\",\n      \"Action\": [\n        \"logs:PutLogEvents\",\n        \"logs:CreateLogStream\"\n      ],\n      \"Resource\": \"arn:aws:logs:eu-central-1:*:log-group:/aws/lambda/*:*\"\n    }\n  ]\n}",
            "override_json": null,
            "policy_id": null,
            "source_json": null,
            "statement": [
              {
                "actions": [
                  "sqs:ChangeMessageVisibility",
                  "sqs:DeleteMessage",
                  "sqs:GetQueueAttributes",
                  "sqs:ReceiveMessage",
                  "sqs:SendMessage"
                ],
                "condition": [],
                "effect": "Allow",
                "not_actions": [],
                "not_principals": [],
                "not_resources": [],
                "principals": [],
                "resources": [
                  "arn:aws:sqs:*"
                ],
                "sid": "AllowSQSPermissions"
              },
              {
                "actions": [
                  "lambda:InvokeFunction"
                ],
                "condition": [],
                "effect": "Allow",
                "not_actions": [],
                "not_principals": [],
                "not_resources": [],
                "principals": [],
                "resources": [
                  "arn:aws:lambda:eu-central-1:*:function:*"
                ],
                "sid": "AllowInvokingLambdas"
              },
              {
                "actions": [
                  "logs:CreateLogGroup"
                ],
                "condition": [],
                "effect": "Allow",
                "not_actions": [],
                "not_principals": [],
                "not_resources": [],
                "principals": [],
                "resources": [
                  "arn:aws:logs:eu-central-1:*:*"
                ],
                "sid": "AllowCreatingLogGroups"
              },
              {
                "actions": [
                  "logs:CreateLogStream",
                  "logs:PutLogEvents"
                ],
                "condition": [],
                "effect": "Allow",
                "not_actions": [],
                "not_principals": [],
                "not_resources": [],
                "principals": [],
                "resources": [
                  "arn:aws:logs:eu-central-1:*:log-group:/aws/lambda/*:*"
                ],
                "sid": "AllowWritingLogs"
              }
            ],
            "version": "2012-10-17"
          },
          "sensitive_attributes": []
        }
      ]
    },
    {
      "mode": "managed",
      "type": "aws_iam_policy",
      "name": "lambda_policy",
      "provider": "provider[\"registry.terraform.io/hashicorp/aws\"]",
      "instances": [
        {
          "schema_version": 0,
          "attributes": {
            "arn": "arn:aws:iam::616174815271:policy/terraform-20201225091029380900000001",
            "description": "",
            "id": "arn:aws:iam::616174815271:policy/terraform-20201225091029380900000001",
            "name": "terraform-20201225091029380900000001",
            "name_prefix": null,
            "path": "/",
            "policy": "{\n  \"Version\": \"2012-10-17\",\n  \"Statement\": [\n    {\n      \"Sid\": \"AllowSQSPermissions\",\n      \"Effect\": \"Allow\",\n      \"Action\": [\n        \"sqs:SendMessage\",\n        \"sqs:ReceiveMessage\",\n        \"sqs:GetQueueAttributes\",\n        \"sqs:DeleteMessage\",\n        \"sqs:ChangeMessageVisibility\"\n      ],\n      \"Resource\": \"arn:aws:sqs:*\"\n    },\n    {\n      \"Sid\": \"AllowInvokingLambdas\",\n      \"Effect\": \"Allow\",\n      \"Action\": \"lambda:InvokeFunction\",\n      \"Resource\": \"arn:aws:lambda:eu-central-1:*:function:*\"\n    },\n    {\n      \"Sid\": \"AllowCreatingLogGroups\",\n      \"Effect\": \"Allow\",\n      \"Action\": \"logs:CreateLogGroup\",\n      \"Resource\": \"arn:aws:logs:eu-central-1:*:*\"\n    },\n    {\n      \"Sid\": \"AllowWritingLogs\",\n      \"Effect\": \"Allow\",\n      \"Action\": [\n        \"logs:PutLogEvents\",\n        \"logs:CreateLogStream\"\n      ],\n      \"Resource\": \"arn:aws:logs:eu-central-1:*:log-group:/aws/lambda/*:*\"\n    }\n  ]\n}"
          },
          "sensitive_attributes": [],
          "private": "bnVsbA==",
          "dependencies": [
            "data.aws_iam_policy_document.policy_document"
          ]
        }
      ]
    },
    {
      "mode": "managed",
      "type": "aws_iam_role",
      "name": "example_lambda",
      "provider": "provider[\"registry.terraform.io/hashicorp/aws\"]",
      "instances": [
        {
          "schema_version": 0,
          "attributes": {
            "arn": "arn:aws:iam::616174815271:role/terraform-20201224125540814600000001",
            "assume_role_policy": "{\"Version\":\"2012-10-17\",\"Statement\":[{\"Effect\":\"Allow\",\"Principal\":{\"Service\":\"lambda.amazonaws.com\"},\"Action\":\"sts:AssumeRole\"}]}",
            "create_date": "2020-12-24T12:55:41Z",
            "description": "",
            "force_detach_policies": false,
            "id": "terraform-20201224125540814600000001",
            "max_session_duration": 3600,
            "name": "terraform-20201224125540814600000001",
            "name_prefix": null,
            "path": "/",
            "permissions_boundary": null,
            "tags": {},
            "unique_id": "AROAY65XBRATZRMZWA5SJ"
          },
          "sensitive_attributes": [],
          "private": "bnVsbA=="
        }
      ]
    },
    {
      "mode": "managed",
      "type": "aws_iam_role_policy_attachment",
      "name": "policy_attachment",
      "provider": "provider[\"registry.terraform.io/hashicorp/aws\"]",
      "instances": [
        {
          "schema_version": 0,
          "attributes": {
            "id": "terraform-20201224125540814600000001-20201225091406110200000001",
            "policy_arn": "arn:aws:iam::616174815271:policy/terraform-20201225091029380900000001",
            "role": "terraform-20201224125540814600000001"
          },
          "sensitive_attributes": [],
          "private": "bnVsbA==",
          "dependencies": [
            "aws_iam_policy.lambda_policy",
            "aws_iam_role.example_lambda"
          ]
        }
      ]
    },
    {
      "mode": "managed",
      "type": "aws_lambda_event_source_mapping",
      "name": "event_source_mapping",
      "provider": "provider[\"registry.terraform.io/hashicorp/aws\"]",
      "instances": [
        {
          "schema_version": 0,
          "attributes": {
            "batch_size": 1,
            "bisect_batch_on_function_error": false,
            "destination_config": [],
            "enabled": true,
            "event_source_arn": "arn:aws:sqs:eu-central-1:616174815271:terraform-example-queue",
            "function_arn": "arn:aws:lambda:eu-central-1:616174815271:function:lambda-consumer",
            "function_name": "arn:aws:lambda:eu-central-1:616174815271:function:lambda-consumer",
            "id": "e834bc1b-27c1-41a2-9f26-afbc1e99578e",
            "last_modified": "2020-12-24T19:06:46Z",
            "last_processing_result": "",
            "maximum_batching_window_in_seconds": 0,
            "maximum_record_age_in_seconds": 0,
            "maximum_retry_attempts": 0,
            "parallelization_factor": 0,
            "starting_position": null,
            "starting_position_timestamp": null,
            "state": "Enabled",
            "state_transition_reason": "USER_INITIATED",
            "uuid": "e834bc1b-27c1-41a2-9f26-afbc1e99578e"
          },
          "sensitive_attributes": [],
          "private": "bnVsbA==",
          "dependencies": [
            "aws_iam_role.example_lambda",
            "aws_lambda_function.lambda_consumer",
            "aws_sqs_queue.terraform_queue"
          ]
        }
      ]
    },
    {
      "mode": "managed",
      "type": "aws_lambda_function",
      "name": "lambda_consumer",
      "provider": "provider[\"registry.terraform.io/hashicorp/aws\"]",
      "instances": [
        {
          "schema_version": 0,
          "attributes": {
            "arn": "arn:aws:lambda:eu-central-1:616174815271:function:lambda-consumer",
            "code_signing_config_arn": "",
            "dead_letter_config": [],
            "description": "",
            "environment": [
              {
                "variables": {
                  "region": "eu-central-1",
                  "sqs": "https://sqs.eu-central-1.amazonaws.com/616174815271/terraform-example-queue"
                }
              }
            ],
            "file_system_config": [],
            "filename": "../dist/lambdas/lambda-consumer.zip",
            "function_name": "lambda-consumer",
            "handler": "index.handler",
            "id": "lambda-consumer",
            "image_config": [],
            "image_uri": "",
            "invoke_arn": "arn:aws:apigateway:eu-central-1:lambda:path/2015-03-31/functions/arn:aws:lambda:eu-central-1:616174815271:function:lambda-consumer/invocations",
            "kms_key_arn": "",
            "last_modified": "2020-12-24T19:06:40.267+0000",
            "layers": [],
            "memory_size": 128,
            "package_type": "Zip",
            "publish": false,
            "qualified_arn": "arn:aws:lambda:eu-central-1:616174815271:function:lambda-consumer:$LATEST",
            "reserved_concurrent_executions": -1,
            "role": "arn:aws:iam::616174815271:role/terraform-20201224125540814600000001",
            "runtime": "nodejs12.x",
            "s3_bucket": null,
            "s3_key": null,
            "s3_object_version": null,
            "signing_job_arn": "",
            "signing_profile_version_arn": "",
            "source_code_hash": "Ly8DxdUJI9qWf66PnjJiLiVAptxmssu02+3o3nHDStA=",
            "source_code_size": 437,
            "tags": {},
            "timeout": 30,
            "timeouts": null,
            "tracing_config": [
              {
                "mode": "PassThrough"
              }
            ],
            "version": "$LATEST",
            "vpc_config": []
          },
          "sensitive_attributes": [],
          "private": "eyJlMmJmYjczMC1lY2FhLTExZTYtOGY4OC0zNDM2M2JjN2M0YzAiOnsiY3JlYXRlIjo2MDAwMDAwMDAwMDB9fQ==",
          "dependencies": [
            "aws_iam_role.example_lambda",
            "aws_sqs_queue.terraform_queue"
          ]
        }
      ]
    },
    {
      "mode": "managed",
      "type": "aws_lambda_function",
      "name": "lambda_emitter",
      "provider": "provider[\"registry.terraform.io/hashicorp/aws\"]",
      "instances": [
        {
          "schema_version": 0,
          "attributes": {
            "arn": "arn:aws:lambda:eu-central-1:616174815271:function:lambda-emitter",
            "code_signing_config_arn": "",
            "dead_letter_config": [],
            "description": "",
            "environment": [
              {
                "variables": {
                  "region": "eu-central-1",
                  "sqs": "https://sqs.eu-central-1.amazonaws.com/616174815271/terraform-example-queue"
                }
              }
            ],
            "file_system_config": [],
            "filename": "../dist/lambdas/lambda-emitter.zip",
            "function_name": "lambda-emitter",
            "handler": "index.handler",
            "id": "lambda-emitter",
            "image_config": [],
            "image_uri": "",
            "invoke_arn": "arn:aws:apigateway:eu-central-1:lambda:path/2015-03-31/functions/arn:aws:lambda:eu-central-1:616174815271:function:lambda-emitter/invocations",
            "kms_key_arn": "",
            "last_modified": "2020-12-24T19:06:46.726+0000",
            "layers": [],
            "memory_size": 128,
            "package_type": "Zip",
            "publish": false,
            "qualified_arn": "arn:aws:lambda:eu-central-1:616174815271:function:lambda-emitter:$LATEST",
            "reserved_concurrent_executions": -1,
            "role": "arn:aws:iam::616174815271:role/terraform-20201224125540814600000001",
            "runtime": "nodejs12.x",
            "s3_bucket": null,
            "s3_key": null,
            "s3_object_version": null,
            "signing_job_arn": "",
            "signing_profile_version_arn": "",
            "source_code_hash": "UcP+bmac21DcEvQja1ZhCS8fLnY4uloUsg1oI3nm/tg=",
            "source_code_size": 920926,
            "tags": {},
            "timeout": 3,
            "timeouts": null,
            "tracing_config": [
              {
                "mode": "PassThrough"
              }
            ],
            "version": "$LATEST",
            "vpc_config": []
          },
          "sensitive_attributes": [],
          "private": "eyJlMmJmYjczMC1lY2FhLTExZTYtOGY4OC0zNDM2M2JjN2M0YzAiOnsiY3JlYXRlIjo2MDAwMDAwMDAwMDB9fQ==",
          "dependencies": [
            "aws_iam_role.example_lambda",
            "aws_sqs_queue.terraform_queue"
          ]
        }
      ]
    },
    {
      "mode": "managed",
      "type": "aws_sqs_queue",
      "name": "terraform_queue",
      "provider": "provider[\"registry.terraform.io/hashicorp/aws\"]",
      "instances": [
        {
          "schema_version": 0,
          "attributes": {
            "arn": "arn:aws:sqs:eu-central-1:616174815271:terraform-example-queue",
            "content_based_deduplication": false,
            "delay_seconds": 90,
            "fifo_queue": false,
            "id": "https://sqs.eu-central-1.amazonaws.com/616174815271/terraform-example-queue",
            "kms_data_key_reuse_period_seconds": 300,
            "kms_master_key_id": "",
            "max_message_size": 262144,
            "message_retention_seconds": 345600,
            "name": "terraform-example-queue",
            "name_prefix": null,
            "policy": "",
            "receive_wait_time_seconds": 0,
            "redrive_policy": "",
            "tags": {},
            "visibility_timeout_seconds": 30
          },
          "sensitive_attributes": [],
          "private": "bnVsbA=="
        }
      ]
    }
  ]
}
